Microsoft Visual Studio Solution File, Format Version 12.00
# Visual Studio Version 17
VisualStudioVersion = 17.5.2.0
MinimumVisualStudioVersion = 10.0.40219.1
Project("{FAE04EC0-301F-11D3-BF4B-00C04F79EFBC}") = "GadgetStore", "GadgetStore.csproj", "{18D258F4-DE03-25E8-C47A-D7EC01A84E1E}"
EndProject
Global
	GlobalSection(SolutionConfigurationPlatforms) = preSolution
		Debug|Any CPU = Debug|Any CPU
		Release|Any CPU = Release|Any CPU
	EndGlobalSection
	GlobalSection(ProjectConfigurationPlatforms) = postSolution
		{18D258F4-DE03-25E8-C47A-D7EC01A84E1E}.Debug|Any CPU.ActiveCfg = Debug|Any CPU
		{18D258F4-DE03-25E8-C47A-D7EC01A84E1E}.Debug|Any CPU.Build.0 = Debug|Any CPU
		{18D258F4-DE03-25E8-C47A-D7EC01A84E1E}.Release|Any CPU.ActiveCfg = Release|Any CPU
		{18D258F4-DE03-25E8-C47A-D7EC01A84E1E}.Release|Any CPU.Build.0 = Release|Any CPU
	EndGlobalSection
	GlobalSection(SolutionProperties) = preSolution
		HideSolutionNode = FALSE
	EndGlobalSection
	GlobalSection(ExtensibilityGlobals) = postSolution
		SolutionGuid = {5D1EFBED-0978-462E-97EC-51168682D1E5}
	EndGlobalSection
EndGlobal
